
Microsoft Visual Studio Solution File, Format Version 12.00
# Visual Studio Version 16
VisualStudioVersion = 16.0.31313.79
MinimumVisualStudioVersion = 10.0.40219.1
Project("{FAE04EC0-301F-11D3-BF4B-00C04F79EFBC}") = "ProblemaRendez-Vous", "ProblemaRendez-Vous\ProblemaRendez-Vous.csproj", "{AAF3B983-E4BA-41F1-B82E-F607D74E3D56}"
EndProject
Global
	GlobalSection(SolutionConfigurationPlatforms) = preSolution
		Debug|Any CPU = Debug|Any CPU
		Release|Any CPU = Release|Any CPU
	EndGlobalSection
	GlobalSection(ProjectConfigurationPlatforms) = postSolution
		{AAF3B983-E4BA-41F1-B82E-F607D74E3D56}.Debug|Any CPU.ActiveCfg = Debug|Any CPU
		{AAF3B983-E4BA-41F1-B82E-F607D74E3D56}.Debug|Any CPU.Build.0 = Debug|Any CPU
		{AAF3B983-E4BA-41F1-B82E-F607D74E3D56}.Release|Any CPU.ActiveCfg = Release|Any CPU
		{AAF3B983-E4BA-41F1-B82E-F607D74E3D56}.Release|Any CPU.Build.0 = Release|Any CPU
	EndGlobalSection
	GlobalSection(SolutionProperties) = preSolution
		HideSolutionNode = FALSE
	EndGlobalSection
	GlobalSection(ExtensibilityGlobals) = postSolution
		SolutionGuid = {7603B173-0BD7-4D53-9F1D-3AB379BBC627}
	EndGlobalSection
EndGlobal
